
Microsoft Visual Studio Solution File, Format Version 12.00
# Visual Studio Version 17
VisualStudioVersion = 17.4.33110.190
MinimumVisualStudioVersion = 10.0.40219.1
Project("{FAE04EC0-301F-11D3-BF4B-00C04F79EFBC}") = "MyServiceDesk", "MyServiceDesk\MyServiceDesk.csproj", "{D6FD9894-B933-41D2-9D64-5E87A4AFD5A2}"
EndProject
Project("{FAE04EC0-301F-11D3-BF4B-00C04F79EFBC}") = "BE", "BE\BE.csproj", "{3A2EE9EF-AEA2-4676-9030-0DA743ECEB90}"
EndProject
Project("{FAE04EC0-301F-11D3-BF4B-00C04F79EFBC}") = "DA", "DA\DA.csproj", "{6996EDD6-06C1-4B39-BC5F-A9D5A604EA19}"
EndProject
Global
	GlobalSection(SolutionConfigurationPlatforms) = preSolution
		Debug|Any CPU = Debug|Any CPU
		Release|Any CPU = Release|Any CPU
	EndGlobalSection
	GlobalSection(ProjectConfigurationPlatforms) = postSolution
		{D6FD9894-B933-41D2-9D64-5E87A4AFD5A2}.Debug|Any CPU.ActiveCfg = Debug|Any CPU
		{D6FD9894-B933-41D2-9D64-5E87A4AFD5A2}.Debug|Any CPU.Build.0 = Debug|Any CPU
		{D6FD9894-B933-41D2-9D64-5E87A4AFD5A2}.Release|Any CPU.ActiveCfg = Release|Any CPU
		{D6FD9894-B933-41D2-9D64-5E87A4AFD5A2}.Release|Any CPU.Build.0 = Release|Any CPU
		{3A2EE9EF-AEA2-4676-9030-0DA743ECEB90}.Debug|Any CPU.ActiveCfg = Debug|Any CPU
		{3A2EE9EF-AEA2-4676-9030-0DA743ECEB90}.Debug|Any CPU.Build.0 = Debug|Any CPU
		{3A2EE9EF-AEA2-4676-9030-0DA743ECEB90}.Release|Any CPU.ActiveCfg = Release|Any CPU
		{3A2EE9EF-AEA2-4676-9030-0DA743ECEB90}.Release|Any CPU.Build.0 = Release|Any CPU
		{6996EDD6-06C1-4B39-BC5F-A9D5A604EA19}.Debug|Any CPU.ActiveCfg = Debug|Any CPU
		{6996EDD6-06C1-4B39-BC5F-A9D5A604EA19}.Debug|Any CPU.Build.0 = Debug|Any CPU
		{6996EDD6-06C1-4B39-BC5F-A9D5A604EA19}.Release|Any CPU.ActiveCfg = Release|Any CPU
		{6996EDD6-06C1-4B39-BC5F-A9D5A604EA19}.Release|Any CPU.Build.0 = Release|Any CPU
	EndGlobalSection
	GlobalSection(SolutionProperties) = preSolution
		HideSolutionNode = FALSE
	EndGlobalSection
	GlobalSection(ExtensibilityGlobals) = postSolution
		SolutionGuid = {1F08A324-8269-4AE7-8CAD-1B471A85D3E5}
	EndGlobalSection
EndGlobal
